
Microsoft Visual Studio Solution File, Format Version 12.00
# Visual Studio Version 17
VisualStudioVersion = 17.9.34714.143
MinimumVisualStudioVersion = 10.0.40219.1
Project("{2150E333-8FDC-42A3-9474-1A3956D46DE8}") = "Solution Items", "Solution Items", "{90627652-B661-4BDC-94C8-F44CE5F0295C}"
	ProjectSection(SolutionItems) = preProject
		.github\workflows\agent.yml = .github\workflows\agent.yml
		SSLTrack\Dockerfile = SSLTrack\Dockerfile
		LICENSE = LICENSE
		README.md = README.md
		SECURITY.md = SECURITY.md
		.github\workflows\server.yml = .github\workflows\server.yml
	EndProjectSection
EndProject
Project("{FAE04EC0-301F-11D3-BF4B-00C04F79EFBC}") = "SSLTrack", "src\SSLTrack\SSLTrack.csproj", "{17B22BD3-6833-BD86-87AD-B74AA1C0B392}"
EndProject
Project("{2150E333-8FDC-42A3-9474-1A3956D46DE8}") = "Aspire", "Aspire", "{02EA681E-C7D8-13C7-8484-4AC65E1B71E8}"
EndProject
Project("{FAE04EC0-301F-11D3-BF4B-00C04F79EFBC}") = "SSLTrack.AppHost", "src\SSLTrack.AppHost\SSLTrack.AppHost.csproj", "{E5721F7A-934A-4AF9-AD7D-DBAB769B9D28}"
EndProject
Project("{FAE04EC0-301F-11D3-BF4B-00C04F79EFBC}") = "SSLTrack.ServiceDefaults", "src\SSLTrack.ServiceDefaults\SSLTrack.ServiceDefaults.csproj", "{870B7881-97C6-3E68-7741-E1FE5D8FD6B7}"
EndProject
Project("{FAE04EC0-301F-11D3-BF4B-00C04F79EFBC}") = "SSLTrackAgent", "src\SSLTrackAgent\SSLTrackAgent.csproj", "{D6E1B4F4-DD8C-CC45-5719-04D9265F82F2}"
EndProject
Global
	GlobalSection(SolutionConfigurationPlatforms) = preSolution
		Debug|Any CPU = Debug|Any CPU
		Release|Any CPU = Release|Any CPU
	EndGlobalSection
	GlobalSection(ProjectConfigurationPlatforms) = postSolution
		{17B22BD3-6833-BD86-87AD-B74AA1C0B392}.Debug|Any CPU.ActiveCfg = Debug|Any CPU
		{17B22BD3-6833-BD86-87AD-B74AA1C0B392}.Debug|Any CPU.Build.0 = Debug|Any CPU
		{17B22BD3-6833-BD86-87AD-B74AA1C0B392}.Release|Any CPU.ActiveCfg = Release|Any CPU
		{17B22BD3-6833-BD86-87AD-B74AA1C0B392}.Release|Any CPU.Build.0 = Release|Any CPU
		{E5721F7A-934A-4AF9-AD7D-DBAB769B9D28}.Debug|Any CPU.ActiveCfg = Debug|Any CPU
		{E5721F7A-934A-4AF9-AD7D-DBAB769B9D28}.Debug|Any CPU.Build.0 = Debug|Any CPU
		{E5721F7A-934A-4AF9-AD7D-DBAB769B9D28}.Release|Any CPU.ActiveCfg = Release|Any CPU
		{E5721F7A-934A-4AF9-AD7D-DBAB769B9D28}.Release|Any CPU.Build.0 = Release|Any CPU
		{870B7881-97C6-3E68-7741-E1FE5D8FD6B7}.Debug|Any CPU.ActiveCfg = Debug|Any CPU
		{870B7881-97C6-3E68-7741-E1FE5D8FD6B7}.Debug|Any CPU.Build.0 = Debug|Any CPU
		{870B7881-97C6-3E68-7741-E1FE5D8FD6B7}.Release|Any CPU.ActiveCfg = Release|Any CPU
		{870B7881-97C6-3E68-7741-E1FE5D8FD6B7}.Release|Any CPU.Build.0 = Release|Any CPU
		{D6E1B4F4-DD8C-CC45-5719-04D9265F82F2}.Debug|Any CPU.ActiveCfg = Debug|Any CPU
		{D6E1B4F4-DD8C-CC45-5719-04D9265F82F2}.Debug|Any CPU.Build.0 = Debug|Any CPU
		{D6E1B4F4-DD8C-CC45-5719-04D9265F82F2}.Release|Any CPU.ActiveCfg = Release|Any CPU
		{D6E1B4F4-DD8C-CC45-5719-04D9265F82F2}.Release|Any CPU.Build.0 = Release|Any CPU
	EndGlobalSection
	GlobalSection(SolutionProperties) = preSolution
		HideSolutionNode = FALSE
	EndGlobalSection
	GlobalSection(NestedProjects) = preSolution
		{E5721F7A-934A-4AF9-AD7D-DBAB769B9D28} = {02EA681E-C7D8-13C7-8484-4AC65E1B71E8}
		{870B7881-97C6-3E68-7741-E1FE5D8FD6B7} = {02EA681E-C7D8-13C7-8484-4AC65E1B71E8}
	EndGlobalSection
	GlobalSection(ExtensibilityGlobals) = postSolution
		SolutionGuid = {E4336493-15B9-4E65-AA08-A22DD3EA5FAD}
	EndGlobalSection
EndGlobal
